// !$*UTF8*$!
{
	archiveVersion = 1;
	classes = {
	};
	objectVersion = 46;
	objects = {

/* Begin PBXBuildFile section */
		6509A38B1BCF073C0053B888 /* AppDelegate.swift in Sources */ = {isa = PBXBuildFile; fileRef = 6509A38A1BCF073C0053B888 /* AppDelegate.swift */; };
		6509A38D1BCF073C0053B888 /* ViewController.swift in Sources */ = {isa = PBXBuildFile; fileRef = 6509A38C1BCF073C0053B888 /* ViewController.swift */; };
		6509A3901BCF073C0053B888 /* Main.storyboard in Resources */ = {isa = PBXBuildFile; fileRef = 6509A38E1BCF073C0053B888 /* Main.storyboard */; };
		6509A3921BCF073C0053B888 /* Images.xcassets in Resources */ = {isa = PBXBuildFile; fileRef = 6509A3911BCF073C0053B888 /* Images.xcassets */; };
		6509A3951BCF073C0053B888 /* LaunchScreen.xib in Resources */ = {isa = PBXBuildFile; fileRef = 6509A3931BCF073C0053B888 /* LaunchScreen.xib */; };
		6509A3A11BCF073C0053B888 /* SwifterTests.swift in Sources */ = {isa = PBXBuildFile; fileRef = 6509A3A01BCF073C0053B888 /* SwifterTests.swift */; };
/* End PBXBuildFile section */

/* Begin PBXContainerItemProxy section */
		6509A39B1BCF073C0053B888 /* PBXContainerItemProxy */ = {
			isa = PBXContainerItemProxy;
			containerPortal = 6509A37D1BCF073C0053B888 /* Project object */;
			proxyType = 1;
			remoteGlobalIDString = 6509A3841BCF073C0053B888;
			remoteInfo = Swifter;
		};
/* End PBXContainerItemProxy section */

/* Begin PBXFileReference section */
		6509A3851BCF073C0053B888 /* Swifter.app */ = {isa = PBXFileReference; explicitFileType = wrapper.application; includeInIndex = 0; path = Swifter.app; sourceTree = BUILT_PRODUCTS_DIR; };
		6509A3891BCF073C0053B888 /* Info.plist */ = {isa = PBXFileReference; lastKnownFileType = text.plist.xml; path = Info.plist; sourceTree = "<group>"; };
		6509A38A1BCF073C0053B888 /* AppDelegate.swift */ = {isa = PBXFileReference; lastKnownFileType = sourcecode.swift; path = AppDelegate.swift; sourceTree = "<group>"; };
		6509A38C1BCF073C0053B888 /* ViewController.swift */ = {isa = PBXFileReference; lastKnownFileType = sourcecode.swift; path = ViewController.swift; sourceTree = "<group>"; };
		6509A38F1BCF073C0053B888 /* Base */ = {isa = PBXFileReference; lastKnownFileType = file.storyboard; name = Base; path = Base.lproj/Main.storyboard; sourceTree = "<group>"; };
		6509A3911BCF073C0053B888 /* Images.xcassets */ = {isa = PBXFileReference; lastKnownFileType = folder.assetcatalog; path = Images.xcassets; sourceTree = "<group>"; };
		6509A3941BCF073C0053B888 /* Base */ = {isa = PBXFileReference; lastKnownFileType = file.xib; name = Base; path = Base.lproj/LaunchScreen.xib; sourceTree = "<group>"; };
		6509A39A1BCF073C0053B888 /* SwifterTests.xctest */ = {isa = PBXFileReference; explicitFileType = wrapper.cfbundle; includeInIndex = 0; path = SwifterTests.xctest; sourceTree = BUILT_PRODUCTS_DIR; };
		6509A39F1BCF073C0053B888 /* Info.plist */ = {isa = PBXFileReference; lastKnownFileType = text.plist.xml; path = Info.plist; sourceTree = "<group>"; };
		6509A3A01BCF073C0053B888 /* SwifterTests.swift */ = {isa = PBXFileReference; lastKnownFileType = sourcecode.swift; path = SwifterTests.swift; sourceTree = "<group>"; };
/* End PBXFileReference section */

/* Begin PBXFrameworksBuildPhase section */
		6509A3821BCF073C0053B888 /* Frameworks */ = {
			isa = PBXFrameworksBuildPhase;
			buildActionMask = 2147483647;
			files = (
			);
			runOnlyForDeploymentPostprocessing = 0;
		};
		6509A3971BCF073C0053B888 /* Frameworks */ = {
			isa = PBXFrameworksBuildPhase;
			buildActionMask = 2147483647;
			files = (
			);
			runOnlyForDeploymentPostprocessing = 0;
		};
/* End PBXFrameworksBuildPhase section */

/* Begin PBXGroup section */
		6509A37C1BCF073C0053B888 = {
			isa = PBXGroup;
			children = (
				6509A3871BCF073C0053B888 /* Swifter */,
				6509A39D1BCF073C0053B888 /* SwifterTests */,
				6509A3861BCF073C0053B888 /* Products */,
			);
			sourceTree = "<group>";
		};
		6509A3861BCF073C0053B888 /* Products */ = {
			isa = PBXGroup;
			children = (
				6509A3851BCF073C0053B888 /* Swifter.app */,
				6509A39A1BCF073C0053B888 /* SwifterTests.xctest */,
			);
			name = Products;
			sourceTree = "<group>";
		};
		6509A3871BCF073C0053B888 /* Swifter */ = {
			isa = PBXGroup;
			children = (
				6509A38A1BCF073C0053B888 /* AppDelegate.swift */,
				6509A38C1BCF073C0053B888 /* ViewController.swift */,
				6509A38E1BCF073C0053B888 /* Main.storyboard */,
				6509A3911BCF073C0053B888 /* Images.xcassets */,
				6509A3931BCF073C0053B888 /* LaunchScreen.xib */,
				6509A3881BCF073C0053B888 /* Supporting Files */,
			);
			path = Swifter;
			sourceTree = "<group>";
		};
		6509A3881BCF073C0053B888 /* Supporting Files */ = {
			isa = PBXGroup;
			children = (
				6509A3891BCF073C0053B888 /* Info.plist */,
			);
			name = "Supporting Files";
			sourceTree = "<group>";
		};
		6509A39D1BCF073C0053B888 /* SwifterTests */ = {
			isa = PBXGroup;
			children = (
				6509A3A01BCF073C0053B888 /* SwifterTests.swift */,
				6509A39E1BCF073C0053B888 /* Supporting Files */,
			);
			path = SwifterTests;
			sourceTree = "<group>";
		};
		6509A39E1BCF073C0053B888 /* Supporting Files */ = {
			isa = PBXGroup;
			children = (
				6509A39F1BCF073C0053B888 /* Info.plist */,
			);
			name = "Supporting Files";
			sourceTree = "<group>";
		};
/* End PBXGroup section */

/* Begin PBXNativeTarget section */
		6509A3841BCF073C0053B888 /* Swifter */ = {
			isa = PBXNativeTarget;
			buildConfigurationList = 6509A3A41BCF073C0053B888 /* Build configuration list for PBXNativeTarget "Swifter" */;
			buildPhases = (
				6509A3811BCF073C0053B888 /* Sources */,
				6509A3821BCF073C0053B888 /* Frameworks */,
				6509A3831BCF073C0053B888 /* Resources */,
			);
			buildRules = (
			);
			dependencies = (
			);
			name = Swifter;
			productName = Swifter;
			productReference = 6509A3851BCF073C0053B888 /* Swifter.app */;
			productType = "com.apple.product-type.application";
		};
		6509A3991BCF073C0053B888 /* SwifterTests */ = {
			isa = PBXNativeTarget;
			buildConfigurationList = 6509A3A71BCF073C0053B888 /* Build configuration list for PBXNativeTarget "SwifterTests" */;
			buildPhases = (
				6509A3961BCF073C0053B888 /* Sources */,
				6509A3971BCF073C0053B888 /* Frameworks */,
				6509A3981BCF073C0053B888 /* Resources */,
			);
			buildRules = (
			);
			dependencies = (
				6509A39C1BCF073C0053B888 /* PBXTargetDependency */,
			);
			name = SwifterTests;
			productName = SwifterTests;
			productReference = 6509A39A1BCF073C0053B888 /* SwifterTests.xctest */;
			productType = "com.apple.product-type.bundle.unit-test";
		};
/* End PBXNativeTarget section */

/* Begin PBXProject section */
		6509A37D1BCF073C0053B888 /* Project object */ = {
			isa = PBXProject;
			attributes = {
				LastUpgradeCheck = 0630;
				ORGANIZATIONNAME = "Sam Stone";
				TargetAttributes = {
					6509A3841BCF073C0053B888 = {
						CreatedOnToolsVersion = 6.3.1;
					};
					6509A3991BCF073C0053B888 = {
						CreatedOnToolsVersion = 6.3.1;
						TestTargetID = 6509A3841BCF073C0053B888;
					};
				};
			};
			buildConfigurationList = 6509A3801BCF073C0053B888 /* Build configuration list for PBXProject "Swifter" */;
			compatibilityVersion = "Xcode 3.2";
			developmentRegion = English;
			hasScannedForEncodings = 0;
			knownRegions = (
				en,
				Base,
			);
			mainGroup = 6509A37C1BCF073C0053B888;
			productRefGroup = 6509A3861BCF073C0053B888 /* Products */;
			projectDirPath = "";
			projectRoot = "";
			targets = (
				6509A3841BCF073C0053B888 /* Swifter */,
				6509A3991BCF073C0053B888 /* SwifterTests */,
			);
		};
/* End PBXProject section */

/* Begin PBXResourcesBuildPhase section */
		6509A3831BCF073C0053B888 /* Resources */ = {
			isa = PBXResourcesBuildPhase;
			buildActionMask = 2147483647;
			files = (
				6509A3901BCF073C0053B888 /* Main.storyboard in Resources */,
				6509A3951BCF073C0053B888 /* LaunchScreen.xib in Resources */,
				6509A3921BCF073C0053B888 /* Images.xcassets in Resources */,
			);
			runOnlyForDeploymentPostprocessing = 0;
		};
		6509A3981BCF073C0053B888 /* Resources */ = {
			isa = PBXResourcesBuildPhase;
			buildActionMask = 2147483647;
			files = (
			);
			runOnlyForDeploymentPostprocessing = 0;
		};
/* End PBXResourcesBuildPhase section */

/* Begin PBXSourcesBuildPhase section */
		6509A3811BCF073C0053B888 /* Sources */ = {
			isa = PBXSourcesBuildPhase;
			buildActionMask = 2147483647;
			files = (
				6509A38D1BCF073C0053B888 /* ViewController.swift in Sources */,
				6509A38B1BCF073C0053B888 /* AppDelegate.swift in Sources */,
			);
			runOnlyForDeploymentPostprocessing = 0;
		};
		6509A3961BCF073C0053B888 /* Sources */ = {
			isa = PBXSourcesBuildPhase;
			buildActionMask = 2147483647;
			files = (
				6509A3A11BCF073C0053B888 /* SwifterTests.swift in Sources */,
			);
			runOnlyForDeploymentPostprocessing = 0;
		};
/* End PBXSourcesBuildPhase section */

/* Begin PBXTargetDependency section */
		6509A39C1BCF073C0053B888 /* PBXTargetDependency */ = {
			isa = PBXTargetDependency;
			target = 6509A3841BCF073C0053B888 /* Swifter */;
			targetProxy = 6509A39B1BCF073C0053B888 /* PBXContainerItemProxy */;
		};
/* End PBXTargetDependency section */

/* Begin PBXVariantGroup section */
		6509A38E1BCF073C0053B888 /* Main.storyboard */ = {
			isa = PBXVariantGroup;
			children = (
				6509A38F1BCF073C0053B888 /* Base */,
			);
			name = Main.storyboard;
			sourceTree = "<group>";
		};
		6509A3931BCF073C0053B888 /* LaunchScreen.xib */ = {
			isa = PBXVariantGroup;
			children = (
				6509A3941BCF073C0053B888 /* Base */,
			);
			name = LaunchScreen.xib;
			sourceTree = "<group>";
		};
/* End PBXVariantGroup section */

/* Begin XCBuildConfiguration section */
		6509A3A21BCF073C0053B888 /* Debug */ = {
			isa = XCBuildConfiguration;
			buildSettings = {
				ALWAYS_SEARCH_USER_PATHS = NO;
				CLANG_CXX_LANGUAGE_STANDARD = "gnu++0x";
				CLANG_CXX_LIBRARY = "libc++";
				CLANG_ENABLE_MODULES = YES;
				CLANG_ENABLE_OBJC_ARC = YES;
				CLANG_WARN_BOOL_CONVERSION = YES;
				CLANG_WARN_CONSTANT_CONVERSION = YES;
				CLANG_WARN_DIRECT_OBJC_ISA_USAGE = YES_ERROR;
				CLANG_WARN_EMPTY_BODY = YES;
				CLANG_WARN_ENUM_CONVERSION = YES;
				CLANG_WARN_INT_CONVERSION = YES;
				CLANG_WARN_OBJC_ROOT_CLASS = YES_ERROR;
				CLANG_WARN_UNREACHABLE_CODE = YES;
				CLANG_WARN__DUPLICATE_METHOD_MATCH = YES;
				"CODE_SIGN_IDENTITY[sdk=iphoneos*]" = "iPhone Developer";
				COPY_PHASE_STRIP = NO;
				DEBUG_INFORMATION_FORMAT = "dwarf-with-dsym";
				ENABLE_STRICT_OBJC_MSGSEND = YES;
				GCC_C_LANGUAGE_STANDARD = gnu99;
				GCC_DYNAMIC_NO_PIC = NO;
				GCC_NO_COMMON_BLOCKS = YES;
				GCC_OPTIMIZATION_LEVEL = 0;
				GCC_PREPROCESSOR_DEFINITIONS = (
					"DEBUG=1",
					"$(inherited)",
				);
				GCC_SYMBOLS_PRIVATE_EXTERN = NO;
				GCC_WARN_64_TO_32_BIT_CONVERSION = YES;
				GCC_WARN_ABOUT_RETURN_TYPE = YES_ERROR;
				GCC_WARN_UNDECLARED_SELECTOR = YES;
				GCC_WARN_UNINITIALIZED_AUTOS = YES_AGGRESSIVE;
				GCC_WARN_UNUSED_FUNCTION = YES;
				GCC_WARN_UNUSED_VARIABLE = YES;
				IPHONEOS_DEPLOYMENT_TARGET = 8.3;
				MTL_ENABLE_DEBUG_INFO = YES;
				ONLY_ACTIVE_ARCH = YES;
				SDKROOT = iphoneos;
				SWIFT_OPTIMIZATION_LEVEL = "-Onone";
			};
			name = Debug;
		};
		6509A3A31BCF073C0053B888 /* Release */ = {
			isa = XCBuildConfiguration;
			buildSettings = {
				ALWAYS_SEARCH_USER_PATHS = NO;
				CLANG_CXX_LANGUAGE_STANDARD = "gnu++0x";
				CLANG_CXX_LIBRARY = "libc++";
				CLANG_ENABLE_MODULES = YES;
				CLANG_ENABLE_OBJC_ARC = YES;
				CLANG_WARN_BOOL_CONVERSION = YES;
				CLANG_WARN_CONSTANT_CONVERSION = YES;
				CLANG_WARN_DIRECT_OBJC_ISA_USAGE = YES_ERROR;
				CLANG_WARN_EMPTY_BODY = YES;
				CLANG_WARN_ENUM_CONVERSION = YES;
				CLANG_WARN_INT_CONVERSION = YES;
				CLANG_WARN_OBJC_ROOT_CLASS = YES_ERROR;
				CLANG_WARN_UNREACHABLE_CODE = YES;
				CLANG_WARN__DUPLICATE_METHOD_MATCH = YES;
				"CODE_SIGN_IDENTITY[sdk=iphoneos*]" = "iPhone Developer";
				COPY_PHASE_STRIP = NO;
				DEBUG_INFORMATION_FORMAT = "dwarf-with-dsym";
				ENABLE_NS_ASSERTIONS = NO;
				ENABLE_STRICT_OBJC_MSGSEND = YES;
				GCC_C_LANGUAGE_STANDARD = gnu99;
				GCC_NO_COMMON_BLOCKS = YES;
				GCC_WARN_64_TO_32_BIT_CONVERSION = YES;
				GCC_WARN_ABOUT_RETURN_TYPE = YES_ERROR;
				GCC_WARN_UNDECLARED_SELECTOR = YES;
				GCC_WARN_UNINITIALIZED_AUTOS = YES_AGGRESSIVE;
				GCC_WARN_UNUSED_FUNCTION = YES;
				GCC_WARN_UNUSED_VARIABLE = YES;
				IPHONEOS_DEPLOYMENT_TARGET = 8.3;
				MTL_ENABLE_DEBUG_INFO = NO;
				SDKROOT = iphoneos;
				VALIDATE_PRODUCT = YES;
			};
			name = Release;
		};
		6509A3A51BCF073C0053B888 /* Debug */ = {
			isa = XCBuildConfiguration;
			buildSettings = {
				ASSETCATALOG_COMPILER_APPICON_NAME = AppIcon;
				INFOPLIST_FILE = Swifter/Info.plist;
				LD_RUNPATH_SEARCH_PATHS = "$(inherited) @executable_path/Frameworks";
				PRODUCT_NAME = "$(TARGET_NAME)";
			};
			name = Debug;
		};
		6509A3A61BCF073C0053B888 /* Release */ = {
			isa = XCBuildConfiguration;
			buildSettings = {
				ASSETCATALOG_COMPILER_APPICON_NAME = AppIcon;
				INFOPLIST_FILE = Swifter/Info.plist;
				LD_RUNPATH_SEARCH_PATHS = "$(inherited) @executable_path/Frameworks";
				PRODUCT_NAME = "$(TARGET_NAME)";
			};
			name = Release;
		};
		6509A3A81BCF073C0053B888 /* Debug */ = {
			isa = XCBuildConfiguration;
			buildSettings = {
				BUNDLE_LOADER = "$(TEST_HOST)";
				FRAMEWORK_SEARCH_PATHS = (
					"$(SDKROOT)/Developer/Library/Frameworks",
					"$(inherited)",
				);
				GCC_PREPROCESSOR_DEFINITIONS = (
					"DEBUG=1",
					"$(inherited)",
				);
				INFOPLIST_FILE = SwifterTests/Info.plist;
				LD_RUNPATH_SEARCH_PATHS = "$(inherited) @executable_path/Frameworks @loader_path/Frameworks";
				PRODUCT_NAME = "$(TARGET_NAME)";
				TEST_HOST = "$(BUILT_PRODUCTS_DIR)/Swifter.app/Swifter";
			};
			name = Debug;
		};
		6509A3A91BCF073C0053B888 /* Release */ = {
			isa = XCBuildConfiguration;
			buildSettings = {
				BUNDLE_LOADER = "$(TEST_HOST)";
				FRAMEWORK_SEARCH_PATHS = (
					"$(SDKROOT)/Developer/Library/Frameworks",
					"$(inherited)",
				);
				INFOPLIST_FILE = SwifterTests/Info.plist;
				LD_RUNPATH_SEARCH_PATHS = "$(inherited) @executable_path/Frameworks @loader_path/Frameworks";
				PRODUCT_NAME = "$(TARGET_NAME)";
				TEST_HOST = "$(BUILT_PRODUCTS_DIR)/Swifter.app/Swifter";
			};
			name = Release;
		};
/* End XCBuildConfiguration section */

/* Begin XCConfigurationList section */
		6509A3801BCF073C0053B888 /* Build configuration list for PBXProject "Swifter" */ = {
			isa = XCConfigurationList;
			buildConfigurations = (
				6509A3A21BCF073C0053B888 /* Debug */,
				6509A3A31BCF073C0053B888 /* Release */,
			);
			defaultConfigurationIsVisible = 0;
			defaultConfigurationName = Release;
		};
		6509A3A41BCF073C0053B888 /* Build configuration list for PBXNativeTarget "Swifter" */ = {
			isa = XCConfigurationList;
			buildConfigurations = (
				6509A3A51BCF073C0053B888 /* Debug */,
				6509A3A61BCF073C0053B888 /* Release */,
			);
			defaultConfigurationIsVisible = 0;
		};
		6509A3A71BCF073C0053B888 /* Build configuration list for PBXNativeTarget "SwifterTests" */ = {
			isa = XCConfigurationList;
			buildConfigurations = (
				6509A3A81BCF073C0053B888 /* Debug */,
				6509A3A91BCF073C0053B888 /* Release */,
			);
			defaultConfigurationIsVisible = 0;
		};
/* End XCConfigurationList section */
	};
	rootObject = 6509A37D1BCF073C0053B888 /* Project object */;
}
